
Microsoft Visual Studio Solution File, Format Version 12.00
# Visual Studio Version 16
VisualStudioVersion = 16.0.30204.135
MinimumVisualStudioVersion = 10.0.40219.1
Project("{FAE04EC0-301F-11D3-BF4B-00C04F79EFBC}") = "App19_FileUpload", "App19_FileUpload\App19_FileUpload.csproj", "{799D069D-AFD2-441E-B0B3-E45DD53EB764}"
EndProject
Global
	GlobalSection(SolutionConfigurationPlatforms) = preSolution
		Debug|Any CPU = Debug|Any CPU
		Release|Any CPU = Release|Any CPU
	EndGlobalSection
	GlobalSection(ProjectConfigurationPlatforms) = postSolution
		{799D069D-AFD2-441E-B0B3-E45DD53EB764}.Debug|Any CPU.ActiveCfg = Debug|Any CPU
		{799D069D-AFD2-441E-B0B3-E45DD53EB764}.Debug|Any CPU.Build.0 = Debug|Any CPU
		{799D069D-AFD2-441E-B0B3-E45DD53EB764}.Release|Any CPU.ActiveCfg = Release|Any CPU
		{799D069D-AFD2-441E-B0B3-E45DD53EB764}.Release|Any CPU.Build.0 = Release|Any CPU
	EndGlobalSection
	GlobalSection(SolutionProperties) = preSolution
		HideSolutionNode = FALSE
	EndGlobalSection
	GlobalSection(ExtensibilityGlobals) = postSolution
		SolutionGuid = {EDB23F7E-443C-48EF-81F8-0DFBFBD7A8DD}
	EndGlobalSection
EndGlobal
